// !$*UTF8*$!
{
	archiveVersion = 1;
	classes = {
	};
	objectVersion = 46;
	objects = {

/* Begin PBXBuildFile section */
		4587413719BC0C8400AADBC7 /* AppDelegate.swift in Sources */ = {isa = PBXBuildFile; fileRef = 4587413619BC0C8400AADBC7 /* AppDelegate.swift */; };
		4587413919BC0C8400AADBC7 /* ViewController.swift in Sources */ = {isa = PBXBuildFile; fileRef = 4587413819BC0C8400AADBC7 /* ViewController.swift */; };
		4587413C19BC0C8400AADBC7 /* Main.storyboard in Resources */ = {isa = PBXBuildFile; fileRef = 4587413A19BC0C8400AADBC7 /* Main.storyboard */; };
		4587413E19BC0C8400AADBC7 /* Images.xcassets in Resources */ = {isa = PBXBuildFile; fileRef = 4587413D19BC0C8400AADBC7 /* Images.xcassets */; };
		4587414A19BC0C8400AADBC7 /* facebookTests.swift in Sources */ = {isa = PBXBuildFile; fileRef = 4587414919BC0C8400AADBC7 /* facebookTests.swift */; };
		4587415519BC10AC00AADBC7 /* FeedViewController.swift in Sources */ = {isa = PBXBuildFile; fileRef = 4587415419BC10AC00AADBC7 /* FeedViewController.swift */; };
		4587415719BC10C000AADBC7 /* RequestViewController.swift in Sources */ = {isa = PBXBuildFile; fileRef = 4587415619BC10C000AADBC7 /* RequestViewController.swift */; };
		4587415B19BC10D700AADBC7 /* NotiViewController.swift in Sources */ = {isa = PBXBuildFile; fileRef = 4587415A19BC10D700AADBC7 /* NotiViewController.swift */; };
		4587415D19BC10E400AADBC7 /* SettingViewController.swift in Sources */ = {isa = PBXBuildFile; fileRef = 4587415C19BC10E400AADBC7 /* SettingViewController.swift */; };
		4587416119BC124300AADBC7 /* MsgrViewController.swift in Sources */ = {isa = PBXBuildFile; fileRef = 4587416019BC124300AADBC7 /* MsgrViewController.swift */; };
		45F7AD9119BC1D800024D239 /* UpdateViewController.swift in Sources */ = {isa = PBXBuildFile; fileRef = 45F7AD9019BC1D800024D239 /* UpdateViewController.swift */; };
		45F7AD9319BC21890024D239 /* CheckinViewController.swift in Sources */ = {isa = PBXBuildFile; fileRef = 45F7AD9219BC21890024D239 /* CheckinViewController.swift */; };
		45F7AD9519BC21CB0024D239 /* CameraViewController.swift in Sources */ = {isa = PBXBuildFile; fileRef = 45F7AD9419BC21CB0024D239 /* CameraViewController.swift */; };
		45F7AD9719BC22D10024D239 /* DetailViewController.swift in Sources */ = {isa = PBXBuildFile; fileRef = 45F7AD9619BC22D10024D239 /* DetailViewController.swift */; };
/* End PBXBuildFile section */

/* Begin PBXContainerItemProxy section */
		4587414419BC0C8400AADBC7 /* PBXContainerItemProxy */ = {
			isa = PBXContainerItemProxy;
			containerPortal = 4587412919BC0C8400AADBC7 /* Project object */;
			proxyType = 1;
			remoteGlobalIDString = 4587413019BC0C8400AADBC7;
			remoteInfo = facebook;
		};
/* End PBXContainerItemProxy section */

/* Begin PBXFileReference section */
		4587413119BC0C8400AADBC7 /* facebook.app */ = {isa = PBXFileReference; explicitFileType = wrapper.application; includeInIndex = 0; path = facebook.app; sourceTree = BUILT_PRODUCTS_DIR; };
		4587413519BC0C8400AADBC7 /* Info.plist */ = {isa = PBXFileReference; lastKnownFileType = text.plist.xml; path = Info.plist; sourceTree = "<group>"; };
		4587413619BC0C8400AADBC7 /* AppDelegate.swift */ = {isa = PBXFileReference; lastKnownFileType = sourcecode.swift; path = AppDelegate.swift; sourceTree = "<group>"; };
		4587413819BC0C8400AADBC7 /* ViewController.swift */ = {isa = PBXFileReference; lastKnownFileType = sourcecode.swift; path = ViewController.swift; sourceTree = "<group>"; };
		4587413B19BC0C8400AADBC7 /* Base */ = {isa = PBXFileReference; lastKnownFileType = file.storyboard; name = Base; path = Base.lproj/Main.storyboard; sourceTree = "<group>"; };
		4587413D19BC0C8400AADBC7 /* Images.xcassets */ = {isa = PBXFileReference; lastKnownFileType = folder.assetcatalog; path = Images.xcassets; sourceTree = "<group>"; };
		4587414319BC0C8400AADBC7 /* facebookTests.xctest */ = {isa = PBXFileReference; explicitFileType = wrapper.cfbundle; includeInIndex = 0; path = facebookTests.xctest; sourceTree = BUILT_PRODUCTS_DIR; };
		4587414819BC0C8400AADBC7 /* Info.plist */ = {isa = PBXFileReference; lastKnownFileType = text.plist.xml; path = Info.plist; sourceTree = "<group>"; };
		4587414919BC0C8400AADBC7 /* facebookTests.swift */ = {isa = PBXFileReference; lastKnownFileType = sourcecode.swift; path = facebookTests.swift; sourceTree = "<group>"; };
		4587415419BC10AC00AADBC7 /* FeedViewController.swift */ = {isa = PBXFileReference; fileEncoding = 4; lastKnownFileType = sourcecode.swift; path = FeedViewController.swift; sourceTree = "<group>"; };
		4587415619BC10C000AADBC7 /* RequestViewController.swift */ = {isa = PBXFileReference; fileEncoding = 4; lastKnownFileType = sourcecode.swift; path = RequestViewController.swift; sourceTree = "<group>"; };
		4587415A19BC10D700AADBC7 /* NotiViewController.swift */ = {isa = PBXFileReference; fileEncoding = 4; lastKnownFileType = sourcecode.swift; path = NotiViewController.swift; sourceTree = "<group>"; };
		4587415C19BC10E400AADBC7 /* SettingViewController.swift */ = {isa = PBXFileReference; fileEncoding = 4; lastKnownFileType = sourcecode.swift; path = SettingViewController.swift; sourceTree = "<group>"; };
		4587416019BC124300AADBC7 /* MsgrViewController.swift */ = {isa = PBXFileReference; fileEncoding = 4; lastKnownFileType = sourcecode.swift; path = MsgrViewController.swift; sourceTree = "<group>"; };
		45F7AD9019BC1D800024D239 /* UpdateViewController.swift */ = {isa = PBXFileReference; fileEncoding = 4; lastKnownFileType = sourcecode.swift; path = UpdateViewController.swift; sourceTree = "<group>"; };
		45F7AD9219BC21890024D239 /* CheckinViewController.swift */ = {isa = PBXFileReference; fileEncoding = 4; lastKnownFileType = sourcecode.swift; path = CheckinViewController.swift; sourceTree = "<group>"; };
		45F7AD9419BC21CB0024D239 /* CameraViewController.swift */ = {isa = PBXFileReference; fileEncoding = 4; lastKnownFileType = sourcecode.swift; path = CameraViewController.swift; sourceTree = "<group>"; };
		45F7AD9619BC22D10024D239 /* DetailViewController.swift */ = {isa = PBXFileReference; fileEncoding = 4; lastKnownFileType = sourcecode.swift; path = DetailViewController.swift; sourceTree = "<group>"; };
/* End PBXFileReference section */

/* Begin PBXFrameworksBuildPhase section */
		4587412E19BC0C8400AADBC7 /* Frameworks */ = {
			isa = PBXFrameworksBuildPhase;
			buildActionMask = 2147483647;
			files = (
			);
			runOnlyForDeploymentPostprocessing = 0;
		};
		4587414019BC0C8400AADBC7 /* Frameworks */ = {
			isa = PBXFrameworksBuildPhase;
			buildActionMask = 2147483647;
			files = (
			);
			runOnlyForDeploymentPostprocessing = 0;
		};
/* End PBXFrameworksBuildPhase section */

/* Begin PBXGroup section */
		4587412819BC0C8400AADBC7 = {
			isa = PBXGroup;
			children = (
				4587413319BC0C8400AADBC7 /* facebook */,
				4587414619BC0C8400AADBC7 /* facebookTests */,
				4587413219BC0C8400AADBC7 /* Products */,
			);
			sourceTree = "<group>";
		};
		4587413219BC0C8400AADBC7 /* Products */ = {
			isa = PBXGroup;
			children = (
				4587413119BC0C8400AADBC7 /* facebook.app */,
				4587414319BC0C8400AADBC7 /* facebookTests.xctest */,
			);
			name = Products;
			sourceTree = "<group>";
		};
		4587413319BC0C8400AADBC7 /* facebook */ = {
			isa = PBXGroup;
			children = (
				4587415319BC108D00AADBC7 /* ViewControllers */,
				4587413619BC0C8400AADBC7 /* AppDelegate.swift */,
				4587413819BC0C8400AADBC7 /* ViewController.swift */,
				4587413A19BC0C8400AADBC7 /* Main.storyboard */,
				4587413D19BC0C8400AADBC7 /* Images.xcassets */,
				4587413419BC0C8400AADBC7 /* Supporting Files */,
			);
			path = facebook;
			sourceTree = "<group>";
		};
		4587413419BC0C8400AADBC7 /* Supporting Files */ = {
			isa = PBXGroup;
			children = (
				4587413519BC0C8400AADBC7 /* Info.plist */,
			);
			name = "Supporting Files";
			sourceTree = "<group>";
		};
		4587414619BC0C8400AADBC7 /* facebookTests */ = {
			isa = PBXGroup;
			children = (
				4587414919BC0C8400AADBC7 /* facebookTests.swift */,
				4587414719BC0C8400AADBC7 /* Supporting Files */,
			);
			path = facebookTests;
			sourceTree = "<group>";
		};
		4587414719BC0C8400AADBC7 /* Supporting Files */ = {
			isa = PBXGroup;
			children = (
				4587414819BC0C8400AADBC7 /* Info.plist */,
			);
			name = "Supporting Files";
			sourceTree = "<group>";
		};
		4587415319BC108D00AADBC7 /* ViewControllers */ = {
			isa = PBXGroup;
			children = (
				4587415419BC10AC00AADBC7 /* FeedViewController.swift */,
				4587415619BC10C000AADBC7 /* RequestViewController.swift */,
				4587415A19BC10D700AADBC7 /* NotiViewController.swift */,
				4587415C19BC10E400AADBC7 /* SettingViewController.swift */,
				4587416019BC124300AADBC7 /* MsgrViewController.swift */,
				45F7AD9019BC1D800024D239 /* UpdateViewController.swift */,
				45F7AD9219BC21890024D239 /* CheckinViewController.swift */,
				45F7AD9419BC21CB0024D239 /* CameraViewController.swift */,
				45F7AD9619BC22D10024D239 /* DetailViewController.swift */,
			);
			name = ViewControllers;
			sourceTree = "<group>";
		};
/* End PBXGroup section */

/* Begin PBXNativeTarget section */
		4587413019BC0C8400AADBC7 /* facebook */ = {
			isa = PBXNativeTarget;
			buildConfigurationList = 4587414D19BC0C8400AADBC7 /* Build configuration list for PBXNativeTarget "facebook" */;
			buildPhases = (
				4587412D19BC0C8400AADBC7 /* Sources */,
				4587412E19BC0C8400AADBC7 /* Frameworks */,
				4587412F19BC0C8400AADBC7 /* Resources */,
			);
			buildRules = (
			);
			dependencies = (
			);
			name = facebook;
			productName = facebook;
			productReference = 4587413119BC0C8400AADBC7 /* facebook.app */;
			productType = "com.apple.product-type.application";
		};
		4587414219BC0C8400AADBC7 /* facebookTests */ = {
			isa = PBXNativeTarget;
			buildConfigurationList = 4587415019BC0C8400AADBC7 /* Build configuration list for PBXNativeTarget "facebookTests" */;
			buildPhases = (
				4587413F19BC0C8400AADBC7 /* Sources */,
				4587414019BC0C8400AADBC7 /* Frameworks */,
				4587414119BC0C8400AADBC7 /* Resources */,
			);
			buildRules = (
			);
			dependencies = (
				4587414519BC0C8400AADBC7 /* PBXTargetDependency */,
			);
			name = facebookTests;
			productName = facebookTests;
			productReference = 4587414319BC0C8400AADBC7 /* facebookTests.xctest */;
			productType = "com.apple.product-type.bundle.unit-test";
		};
/* End PBXNativeTarget section */

/* Begin PBXProject section */
		4587412919BC0C8400AADBC7 /* Project object */ = {
			isa = PBXProject;
			attributes = {
				LastUpgradeCheck = 0600;
				ORGANIZATIONNAME = yahoo;
				TargetAttributes = {
					4587413019BC0C8400AADBC7 = {
						CreatedOnToolsVersion = 6.0;
					};
					4587414219BC0C8400AADBC7 = {
						CreatedOnToolsVersion = 6.0;
						TestTargetID = 4587413019BC0C8400AADBC7;
					};
				};
			};
			buildConfigurationList = 4587412C19BC0C8400AADBC7 /* Build configuration list for PBXProject "facebook" */;
			compatibilityVersion = "Xcode 3.2";
			developmentRegion = English;
			hasScannedForEncodings = 0;
			knownRegions = (
				en,
				Base,
			);
			mainGroup = 4587412819BC0C8400AADBC7;
			productRefGroup = 4587413219BC0C8400AADBC7 /* Products */;
			projectDirPath = "";
			projectRoot = "";
			targets = (
				4587413019BC0C8400AADBC7 /* facebook */,
				4587414219BC0C8400AADBC7 /* facebookTests */,
			);
		};
/* End PBXProject section */

/* Begin PBXResourcesBuildPhase section */
		4587412F19BC0C8400AADBC7 /* Resources */ = {
			isa = PBXResourcesBuildPhase;
			buildActionMask = 2147483647;
			files = (
				4587413C19BC0C8400AADBC7 /* Main.storyboard in Resources */,
				4587413E19BC0C8400AADBC7 /* Images.xcassets in Resources */,
			);
			runOnlyForDeploymentPostprocessing = 0;
		};
		4587414119BC0C8400AADBC7 /* Resources */ = {
			isa = PBXResourcesBuildPhase;
			buildActionMask = 2147483647;
			files = (
			);
			runOnlyForDeploymentPostprocessing = 0;
		};
/* End PBXResourcesBuildPhase section */

/* Begin PBXSourcesBuildPhase section */
		4587412D19BC0C8400AADBC7 /* Sources */ = {
			isa = PBXSourcesBuildPhase;
			buildActionMask = 2147483647;
			files = (
				45F7AD9719BC22D10024D239 /* DetailViewController.swift in Sources */,
				4587413919BC0C8400AADBC7 /* ViewController.swift in Sources */,
				45F7AD9519BC21CB0024D239 /* CameraViewController.swift in Sources */,
				4587415519BC10AC00AADBC7 /* FeedViewController.swift in Sources */,
				4587416119BC124300AADBC7 /* MsgrViewController.swift in Sources */,
				4587415B19BC10D700AADBC7 /* NotiViewController.swift in Sources */,
				45F7AD9319BC21890024D239 /* CheckinViewController.swift in Sources */,
				4587415719BC10C000AADBC7 /* RequestViewController.swift in Sources */,
				4587413719BC0C8400AADBC7 /* AppDelegate.swift in Sources */,
				4587415D19BC10E400AADBC7 /* SettingViewController.swift in Sources */,
				45F7AD9119BC1D800024D239 /* UpdateViewController.swift in Sources */,
			);
			runOnlyForDeploymentPostprocessing = 0;
		};
		4587413F19BC0C8400AADBC7 /* Sources */ = {
			isa = PBXSourcesBuildPhase;
			buildActionMask = 2147483647;
			files = (
				4587414A19BC0C8400AADBC7 /* facebookTests.swift in Sources */,
			);
			runOnlyForDeploymentPostprocessing = 0;
		};
/* End PBXSourcesBuildPhase section */

/* Begin PBXTargetDependency section */
		4587414519BC0C8400AADBC7 /* PBXTargetDependency */ = {
			isa = PBXTargetDependency;
			target = 4587413019BC0C8400AADBC7 /* facebook */;
			targetProxy = 4587414419BC0C8400AADBC7 /* PBXContainerItemProxy */;
		};
/* End PBXTargetDependency section */

/* Begin PBXVariantGroup section */
		4587413A19BC0C8400AADBC7 /* Main.storyboard */ = {
			isa = PBXVariantGroup;
			children = (
				4587413B19BC0C8400AADBC7 /* Base */,
			);
			name = Main.storyboard;
			sourceTree = "<group>";
		};
/* End PBXVariantGroup section */

/* Begin XCBuildConfiguration section */
		4587414B19BC0C8400AADBC7 /* Debug */ = {
			isa = XCBuildConfiguration;
			buildSettings = {
				ALWAYS_SEARCH_USER_PATHS = NO;
				CLANG_CXX_LANGUAGE_STANDARD = "gnu++0x";
				CLANG_CXX_LIBRARY = "libc++";
				CLANG_ENABLE_MODULES = YES;
				CLANG_ENABLE_OBJC_ARC = YES;
				CLANG_WARN_BOOL_CONVERSION = YES;
				CLANG_WARN_CONSTANT_CONVERSION = YES;
				CLANG_WARN_DIRECT_OBJC_ISA_USAGE = YES_ERROR;
				CLANG_WARN_EMPTY_BODY = YES;
				CLANG_WARN_ENUM_CONVERSION = YES;
				CLANG_WARN_INT_CONVERSION = YES;
				CLANG_WARN_OBJC_ROOT_CLASS = YES_ERROR;
				CLANG_WARN_UNREACHABLE_CODE = YES;
				CLANG_WARN__DUPLICATE_METHOD_MATCH = YES;
				"CODE_SIGN_IDENTITY[sdk=iphoneos*]" = "iPhone Developer";
				COPY_PHASE_STRIP = NO;
				ENABLE_STRICT_OBJC_MSGSEND = YES;
				GCC_C_LANGUAGE_STANDARD = gnu99;
				GCC_DYNAMIC_NO_PIC = NO;
				GCC_OPTIMIZATION_LEVEL = 0;
				GCC_PREPROCESSOR_DEFINITIONS = (
					"DEBUG=1",
					"$(inherited)",
				);
				GCC_SYMBOLS_PRIVATE_EXTERN = NO;
				GCC_WARN_64_TO_32_BIT_CONVERSION = YES;
				GCC_WARN_ABOUT_RETURN_TYPE = YES_ERROR;
				GCC_WARN_UNDECLARED_SELECTOR = YES;
				GCC_WARN_UNINITIALIZED_AUTOS = YES_AGGRESSIVE;
				GCC_WARN_UNUSED_FUNCTION = YES;
				GCC_WARN_UNUSED_VARIABLE = YES;
				IPHONEOS_DEPLOYMENT_TARGET = 8.0;
				MTL_ENABLE_DEBUG_INFO = YES;
				ONLY_ACTIVE_ARCH = YES;
				SDKROOT = iphoneos;
				SWIFT_OPTIMIZATION_LEVEL = "-Onone";
			};
			name = Debug;
		};
		4587414C19BC0C8400AADBC7 /* Release */ = {
			isa = XCBuildConfiguration;
			buildSettings = {
				ALWAYS_SEARCH_USER_PATHS = NO;
				CLANG_CXX_LANGUAGE_STANDARD = "gnu++0x";
				CLANG_CXX_LIBRARY = "libc++";
				CLANG_ENABLE_MODULES = YES;
				CLANG_ENABLE_OBJC_ARC = YES;
				CLANG_WARN_BOOL_CONVERSION = YES;
				CLANG_WARN_CONSTANT_CONVERSION = YES;
				CLANG_WARN_DIRECT_OBJC_ISA_USAGE = YES_ERROR;
				CLANG_WARN_EMPTY_BODY = YES;
				CLANG_WARN_ENUM_CONVERSION = YES;
				CLANG_WARN_INT_CONVERSION = YES;
				CLANG_WARN_OBJC_ROOT_CLASS = YES_ERROR;
				CLANG_WARN_UNREACHABLE_CODE = YES;
				CLANG_WARN__DUPLICATE_METHOD_MATCH = YES;
				"CODE_SIGN_IDENTITY[sdk=iphoneos*]" = "iPhone Developer";
				COPY_PHASE_STRIP = YES;
				ENABLE_NS_ASSERTIONS = NO;
				ENABLE_STRICT_OBJC_MSGSEND = YES;
				GCC_C_LANGUAGE_STANDARD = gnu99;
				GCC_WARN_64_TO_32_BIT_CONVERSION = YES;
				GCC_WARN_ABOUT_RETURN_TYPE = YES_ERROR;
				GCC_WARN_UNDECLARED_SELECTOR = YES;
				GCC_WARN_UNINITIALIZED_AUTOS = YES_AGGRESSIVE;
				GCC_WARN_UNUSED_FUNCTION = YES;
				GCC_WARN_UNUSED_VARIABLE = YES;
				IPHONEOS_DEPLOYMENT_TARGET = 8.0;
				MTL_ENABLE_DEBUG_INFO = NO;
				SDKROOT = iphoneos;
				VALIDATE_PRODUCT = YES;
			};
			name = Release;
		};
		4587414E19BC0C8400AADBC7 /* Debug */ = {
			isa = XCBuildConfiguration;
			buildSettings = {
				ASSETCATALOG_COMPILER_APPICON_NAME = AppIcon;
				ASSETCATALOG_COMPILER_LAUNCHIMAGE_NAME = LaunchImage;
				INFOPLIST_FILE = facebook/Info.plist;
				LD_RUNPATH_SEARCH_PATHS = "$(inherited) @executable_path/Frameworks";
				PRODUCT_NAME = "$(TARGET_NAME)";
			};
			name = Debug;
		};
		4587414F19BC0C8400AADBC7 /* Release */ = {
			isa = XCBuildConfiguration;
			buildSettings = {
				ASSETCATALOG_COMPILER_APPICON_NAME = AppIcon;
				ASSETCATALOG_COMPILER_LAUNCHIMAGE_NAME = LaunchImage;
				INFOPLIST_FILE = facebook/Info.plist;
				LD_RUNPATH_SEARCH_PATHS = "$(inherited) @executable_path/Frameworks";
				PRODUCT_NAME = "$(TARGET_NAME)";
			};
			name = Release;
		};
		4587415119BC0C8400AADBC7 /* Debug */ = {
			isa = XCBuildConfiguration;
			buildSettings = {
				BUNDLE_LOADER = "$(TEST_HOST)";
				FRAMEWORK_SEARCH_PATHS = (
					"$(SDKROOT)/Developer/Library/Frameworks",
					"$(inherited)",
				);
				GCC_PREPROCESSOR_DEFINITIONS = (
					"DEBUG=1",
					"$(inherited)",
				);
				INFOPLIST_FILE = facebookTests/Info.plist;
				LD_RUNPATH_SEARCH_PATHS = "$(inherited) @executable_path/Frameworks @loader_path/Frameworks";
				PRODUCT_NAME = "$(TARGET_NAME)";
				TEST_HOST = "$(BUILT_PRODUCTS_DIR)/facebook.app/facebook";
			};
			name = Debug;
		};
		4587415219BC0C8400AADBC7 /* Release */ = {
			isa = XCBuildConfiguration;
			buildSettings = {
				BUNDLE_LOADER = "$(TEST_HOST)";
				FRAMEWORK_SEARCH_PATHS = (
					"$(SDKROOT)/Developer/Library/Frameworks",
					"$(inherited)",
				);
				INFOPLIST_FILE = facebookTests/Info.plist;
				LD_RUNPATH_SEARCH_PATHS = "$(inherited) @executable_path/Frameworks @loader_path/Frameworks";
				PRODUCT_NAME = "$(TARGET_NAME)";
				TEST_HOST = "$(BUILT_PRODUCTS_DIR)/facebook.app/facebook";
			};
			name = Release;
		};
/* End XCBuildConfiguration section */

/* Begin XCConfigurationList section */
		4587412C19BC0C8400AADBC7 /* Build configuration list for PBXProject "facebook" */ = {
			isa = XCConfigurationList;
			buildConfigurations = (
				4587414B19BC0C8400AADBC7 /* Debug */,
				4587414C19BC0C8400AADBC7 /* Release */,
			);
			defaultConfigurationIsVisible = 0;
			defaultConfigurationName = Release;
		};
		4587414D19BC0C8400AADBC7 /* Build configuration list for PBXNativeTarget "facebook" */ = {
			isa = XCConfigurationList;
			buildConfigurations = (
				4587414E19BC0C8400AADBC7 /* Debug */,
				4587414F19BC0C8400AADBC7 /* Release */,
			);
			defaultConfigurationIsVisible = 0;
			defaultConfigurationName = Release;
		};
		4587415019BC0C8400AADBC7 /* Build configuration list for PBXNativeTarget "facebookTests" */ = {
			isa = XCConfigurationList;
			buildConfigurations = (
				4587415119BC0C8400AADBC7 /* Debug */,
				4587415219BC0C8400AADBC7 /* Release */,
			);
			defaultConfigurationIsVisible = 0;
			defaultConfigurationName = Release;
		};
/* End XCConfigurationList section */
	};
	rootObject = 4587412919BC0C8400AADBC7 /* Project object */;
}
